
Microsoft Visual Studio Solution File, Format Version 12.00
# Visual Studio 2013
VisualStudioVersion = 12.0.30501.0
MinimumVisualStudioVersion = 10.0.40219.1
Project("{FAE04EC0-301F-11D3-BF4B-00C04F79EFBC}") = "Web", "Web\Web.csproj", "{A1490934-3903-49EA-9D8F-8729D54D7002}"
EndProject
Project("{FAE04EC0-301F-11D3-BF4B-00C04F79EFBC}") = "Tests", "Tests\Tests.csproj", "{6F664E4C-7F36-4714-BA94-551355D39CAC}"
EndProject
Project("{FAE04EC0-301F-11D3-BF4B-00C04F79EFBC}") = "Console", "Console\Console.csproj", "{600B2FB2-A7F4-4F8F-B402-F12C0C5978CA}"
EndProject
Project("{FAE04EC0-301F-11D3-BF4B-00C04F79EFBC}") = "OctoHook", "OctoHook\OctoHook.csproj", "{85896B11-3552-4152-8296-31FB43F5AFCD}"
EndProject
Project("{FAE04EC0-301F-11D3-BF4B-00C04F79EFBC}") = "OctoHook.AutoLabel", "OctoHook.AutoLabel\OctoHook.AutoLabel.csproj", "{16DD79B4-63CC-4600-AF06-A648830D394A}"
EndProject
Project("{FAE04EC0-301F-11D3-BF4B-00C04F79EFBC}") = "OctoHook.AutoLink", "OctoHook.AutoLink\OctoHook.AutoLink.csproj", "{50961B30-3E7C-4824-92CB-26A4B1F295E0}"
EndProject
Project("{FAE04EC0-301F-11D3-BF4B-00C04F79EFBC}") = "OctoHook.AutoAssign", "OctoHook.AutoAssign\OctoHook.AutoAssign.csproj", "{04E38F78-5BA0-4FE4-B3F6-A1A4F34E641C}"
EndProject
Project("{FAE04EC0-301F-11D3-BF4B-00C04F79EFBC}") = "OctoHook.AutoClose", "OctoHook.AutoClose\OctoHook.AutoClose.csproj", "{AB10E303-75A1-40D2-81EB-06675D2E327B}"
EndProject
Project("{2150E333-8FDC-42A3-9474-1A3956D46DE8}") = "Solution Items", "Solution Items", "{EC87041E-F55B-4C21-86CC-CF3ADCD94AB7}"
	ProjectSection(SolutionItems) = preProject
		build.bat = build.bat
		build.proj = build.proj
		CHANGELOG = CHANGELOG
		CHANGELOG.md = CHANGELOG.md
		GlobalAssemblyInfo.cs = GlobalAssemblyInfo.cs
		LICENSE = LICENSE
		README.md = README.md
	EndProjectSection
EndProject
Global
	GlobalSection(SolutionConfigurationPlatforms) = preSolution
		Debug|Any CPU = Debug|Any CPU
		Release|Any CPU = Release|Any CPU
	EndGlobalSection
	GlobalSection(ProjectConfigurationPlatforms) = postSolution
		{A1490934-3903-49EA-9D8F-8729D54D7002}.Debug|Any CPU.ActiveCfg = Debug|Any CPU
		{A1490934-3903-49EA-9D8F-8729D54D7002}.Debug|Any CPU.Build.0 = Debug|Any CPU
		{A1490934-3903-49EA-9D8F-8729D54D7002}.Release|Any CPU.ActiveCfg = Release|Any CPU
		{A1490934-3903-49EA-9D8F-8729D54D7002}.Release|Any CPU.Build.0 = Release|Any CPU
		{6F664E4C-7F36-4714-BA94-551355D39CAC}.Debug|Any CPU.ActiveCfg = Debug|Any CPU
		{6F664E4C-7F36-4714-BA94-551355D39CAC}.Debug|Any CPU.Build.0 = Debug|Any CPU
		{6F664E4C-7F36-4714-BA94-551355D39CAC}.Release|Any CPU.ActiveCfg = Release|Any CPU
		{6F664E4C-7F36-4714-BA94-551355D39CAC}.Release|Any CPU.Build.0 = Release|Any CPU
		{600B2FB2-A7F4-4F8F-B402-F12C0C5978CA}.Debug|Any CPU.ActiveCfg = Debug|Any CPU
		{600B2FB2-A7F4-4F8F-B402-F12C0C5978CA}.Debug|Any CPU.Build.0 = Debug|Any CPU
		{600B2FB2-A7F4-4F8F-B402-F12C0C5978CA}.Release|Any CPU.ActiveCfg = Release|Any CPU
		{600B2FB2-A7F4-4F8F-B402-F12C0C5978CA}.Release|Any CPU.Build.0 = Release|Any CPU
		{85896B11-3552-4152-8296-31FB43F5AFCD}.Debug|Any CPU.ActiveCfg = Debug|Any CPU
		{85896B11-3552-4152-8296-31FB43F5AFCD}.Debug|Any CPU.Build.0 = Debug|Any CPU
		{85896B11-3552-4152-8296-31FB43F5AFCD}.Release|Any CPU.ActiveCfg = Release|Any CPU
		{85896B11-3552-4152-8296-31FB43F5AFCD}.Release|Any CPU.Build.0 = Release|Any CPU
		{16DD79B4-63CC-4600-AF06-A648830D394A}.Debug|Any CPU.ActiveCfg = Debug|Any CPU
		{16DD79B4-63CC-4600-AF06-A648830D394A}.Debug|Any CPU.Build.0 = Debug|Any CPU
		{16DD79B4-63CC-4600-AF06-A648830D394A}.Release|Any CPU.ActiveCfg = Release|Any CPU
		{16DD79B4-63CC-4600-AF06-A648830D394A}.Release|Any CPU.Build.0 = Release|Any CPU
		{50961B30-3E7C-4824-92CB-26A4B1F295E0}.Debug|Any CPU.ActiveCfg = Debug|Any CPU
		{50961B30-3E7C-4824-92CB-26A4B1F295E0}.Debug|Any CPU.Build.0 = Debug|Any CPU
		{50961B30-3E7C-4824-92CB-26A4B1F295E0}.Release|Any CPU.ActiveCfg = Release|Any CPU
		{50961B30-3E7C-4824-92CB-26A4B1F295E0}.Release|Any CPU.Build.0 = Release|Any CPU
		{04E38F78-5BA0-4FE4-B3F6-A1A4F34E641C}.Debug|Any CPU.ActiveCfg = Debug|Any CPU
		{04E38F78-5BA0-4FE4-B3F6-A1A4F34E641C}.Debug|Any CPU.Build.0 = Debug|Any CPU
		{04E38F78-5BA0-4FE4-B3F6-A1A4F34E641C}.Release|Any CPU.ActiveCfg = Release|Any CPU
		{04E38F78-5BA0-4FE4-B3F6-A1A4F34E641C}.Release|Any CPU.Build.0 = Release|Any CPU
		{AB10E303-75A1-40D2-81EB-06675D2E327B}.Debug|Any CPU.ActiveCfg = Debug|Any CPU
		{AB10E303-75A1-40D2-81EB-06675D2E327B}.Debug|Any CPU.Build.0 = Debug|Any CPU
		{AB10E303-75A1-40D2-81EB-06675D2E327B}.Release|Any CPU.ActiveCfg = Release|Any CPU
		{AB10E303-75A1-40D2-81EB-06675D2E327B}.Release|Any CPU.Build.0 = Release|Any CPU
	EndGlobalSection
	GlobalSection(SolutionProperties) = preSolution
		HideSolutionNode = FALSE
	EndGlobalSection
EndGlobal
